
Microsoft Visual Studio Solution File, Format Version 12.00
# Visual Studio Version 16
VisualStudioVersion = 16.0.31410.357
MinimumVisualStudioVersion = 10.0.40219.1
Project("{FAE04EC0-301F-11D3-BF4B-00C04F79EFBC}") = "Fusebill API dotNet Core 3.1", "Fusebill API dotNet Core 3.1\Fusebill API dotNet Core 3.1.csproj", "{BE104A88-5EA9-44F7-9506-4323BD281580}"
EndProject
Global
	GlobalSection(SolutionConfigurationPlatforms) = preSolution
		Debug|Any CPU = Debug|Any CPU
		Release|Any CPU = Release|Any CPU
	EndGlobalSection
	GlobalSection(ProjectConfigurationPlatforms) = postSolution
		{BE104A88-5EA9-44F7-9506-4323BD281580}.Debug|Any CPU.ActiveCfg = Debug|Any CPU
		{BE104A88-5EA9-44F7-9506-4323BD281580}.Debug|Any CPU.Build.0 = Debug|Any CPU
		{BE104A88-5EA9-44F7-9506-4323BD281580}.Release|Any CPU.ActiveCfg = Release|Any CPU
		{BE104A88-5EA9-44F7-9506-4323BD281580}.Release|Any CPU.Build.0 = Release|Any CPU
	EndGlobalSection
	GlobalSection(SolutionProperties) = preSolution
		HideSolutionNode = FALSE
	EndGlobalSection
	GlobalSection(ExtensibilityGlobals) = postSolution
		SolutionGuid = {E19AB672-CDB6-4B19-9711-C75FF35EFF66}
	EndGlobalSection
EndGlobal
